
Microsoft Visual Studio Solution File, Format Version 12.00
# Visual Studio Version 17
VisualStudioVersion = 17.8.34330.188
MinimumVisualStudioVersion = 10.0.40219.1
Project("{2150E333-8FDC-42A3-9474-1A3956D46DE8}") = "src", "src", "{006D6CA3-D824-44A8-94DD-ADFD97728337}"
EndProject
Project("{9A19103F-16F7-4668-BE54-9A1E7A4F7556}") = "Application", "src\Application\Application.csproj", "{E34A5343-F25F-4E80-8726-2EE31E30620D}"
EndProject
Project("{9A19103F-16F7-4668-BE54-9A1E7A4F7556}") = "WebAPI", "src\WebAPI\WebAPI.csproj", "{A5140133-8AC3-4D0B-928A-C506B8BBC389}"
EndProject
Project("{9A19103F-16F7-4668-BE54-9A1E7A4F7556}") = "DataAccess", "src\DataAccess\DataAccess.csproj", "{20E0AB48-92F3-4BBF-814F-D00C3425F064}"
EndProject
Project("{9A19103F-16F7-4668-BE54-9A1E7A4F7556}") = "Domain", "src\Domain\Domain.csproj", "{065A0851-8DFA-4553-AC72-B191DFE8D907}"
EndProject
Project("{2150E333-8FDC-42A3-9474-1A3956D46DE8}") = "corePackages", "corePackages", "{F785EE1C-5E6E-415B-891A-12855FD19AC8}"
EndProject
Project("{9A19103F-16F7-4668-BE54-9A1E7A4F7556}") = "Core.Application", "src\corePackages\Core.Application\Core.Application.csproj", "{A1857953-EADE-49AD-8CE6-B0E1F0C97706}"
EndProject
Project("{9A19103F-16F7-4668-BE54-9A1E7A4F7556}") = "Core.CrossCuttingConcerns", "src\corePackages\Core.CrossCuttingConcerns\Core.CrossCuttingConcerns.csproj", "{24EDBC05-B579-46D7-B17B-EC79D5FAA029}"
EndProject
Project("{9A19103F-16F7-4668-BE54-9A1E7A4F7556}") = "Core.DataAccess", "src\corePackages\Core.DataAccess\Core.DataAccess.csproj", "{61FECD41-8CB1-4427-BA58-72FCD79D8A58}"
EndProject
Project("{9A19103F-16F7-4668-BE54-9A1E7A4F7556}") = "Core.Security", "src\corePackages\Core.Security\Core.Security.csproj", "{66F2C5E1-57C7-401F-B2E9-B31BEFB39794}"
EndProject
Project("{FAE04EC0-301F-11D3-BF4B-00C04F79EFBC}") = "Core.Utilities", "src\corePackages\Core.Utilities\Core.Utilities.csproj", "{C2F0016D-E39F-4469-B9F9-B837A7447C00}"
EndProject
Global
	GlobalSection(SolutionConfigurationPlatforms) = preSolution
		Debug|Any CPU = Debug|Any CPU
		Release|Any CPU = Release|Any CPU
	EndGlobalSection
	GlobalSection(ProjectConfigurationPlatforms) = postSolution
		{E34A5343-F25F-4E80-8726-2EE31E30620D}.Debug|Any CPU.ActiveCfg = Debug|Any CPU
		{E34A5343-F25F-4E80-8726-2EE31E30620D}.Debug|Any CPU.Build.0 = Debug|Any CPU
		{E34A5343-F25F-4E80-8726-2EE31E30620D}.Release|Any CPU.ActiveCfg = Release|Any CPU
		{E34A5343-F25F-4E80-8726-2EE31E30620D}.Release|Any CPU.Build.0 = Release|Any CPU
		{A5140133-8AC3-4D0B-928A-C506B8BBC389}.Debug|Any CPU.ActiveCfg = Debug|Any CPU
		{A5140133-8AC3-4D0B-928A-C506B8BBC389}.Debug|Any CPU.Build.0 = Debug|Any CPU
		{A5140133-8AC3-4D0B-928A-C506B8BBC389}.Release|Any CPU.ActiveCfg = Release|Any CPU
		{A5140133-8AC3-4D0B-928A-C506B8BBC389}.Release|Any CPU.Build.0 = Release|Any CPU
		{20E0AB48-92F3-4BBF-814F-D00C3425F064}.Debug|Any CPU.ActiveCfg = Debug|Any CPU
		{20E0AB48-92F3-4BBF-814F-D00C3425F064}.Debug|Any CPU.Build.0 = Debug|Any CPU
		{20E0AB48-92F3-4BBF-814F-D00C3425F064}.Release|Any CPU.ActiveCfg = Release|Any CPU
		{20E0AB48-92F3-4BBF-814F-D00C3425F064}.Release|Any CPU.Build.0 = Release|Any CPU
		{065A0851-8DFA-4553-AC72-B191DFE8D907}.Debug|Any CPU.ActiveCfg = Debug|Any CPU
		{065A0851-8DFA-4553-AC72-B191DFE8D907}.Debug|Any CPU.Build.0 = Debug|Any CPU
		{065A0851-8DFA-4553-AC72-B191DFE8D907}.Release|Any CPU.ActiveCfg = Release|Any CPU
		{065A0851-8DFA-4553-AC72-B191DFE8D907}.Release|Any CPU.Build.0 = Release|Any CPU
		{A1857953-EADE-49AD-8CE6-B0E1F0C97706}.Debug|Any CPU.ActiveCfg = Debug|Any CPU
		{A1857953-EADE-49AD-8CE6-B0E1F0C97706}.Debug|Any CPU.Build.0 = Debug|Any CPU
		{A1857953-EADE-49AD-8CE6-B0E1F0C97706}.Release|Any CPU.ActiveCfg = Release|Any CPU
		{A1857953-EADE-49AD-8CE6-B0E1F0C97706}.Release|Any CPU.Build.0 = Release|Any CPU
		{24EDBC05-B579-46D7-B17B-EC79D5FAA029}.Debug|Any CPU.ActiveCfg = Debug|Any CPU
		{24EDBC05-B579-46D7-B17B-EC79D5FAA029}.Debug|Any CPU.Build.0 = Debug|Any CPU
		{24EDBC05-B579-46D7-B17B-EC79D5FAA029}.Release|Any CPU.ActiveCfg = Release|Any CPU
		{24EDBC05-B579-46D7-B17B-EC79D5FAA029}.Release|Any CPU.Build.0 = Release|Any CPU
		{61FECD41-8CB1-4427-BA58-72FCD79D8A58}.Debug|Any CPU.ActiveCfg = Debug|Any CPU
		{61FECD41-8CB1-4427-BA58-72FCD79D8A58}.Debug|Any CPU.Build.0 = Debug|Any CPU
		{61FECD41-8CB1-4427-BA58-72FCD79D8A58}.Release|Any CPU.ActiveCfg = Release|Any CPU
		{61FECD41-8CB1-4427-BA58-72FCD79D8A58}.Release|Any CPU.Build.0 = Release|Any CPU
		{66F2C5E1-57C7-401F-B2E9-B31BEFB39794}.Debug|Any CPU.ActiveCfg = Debug|Any CPU
		{66F2C5E1-57C7-401F-B2E9-B31BEFB39794}.Debug|Any CPU.Build.0 = Debug|Any CPU
		{66F2C5E1-57C7-401F-B2E9-B31BEFB39794}.Release|Any CPU.ActiveCfg = Release|Any CPU
		{66F2C5E1-57C7-401F-B2E9-B31BEFB39794}.Release|Any CPU.Build.0 = Release|Any CPU
		{C2F0016D-E39F-4469-B9F9-B837A7447C00}.Debug|Any CPU.ActiveCfg = Debug|Any CPU
		{C2F0016D-E39F-4469-B9F9-B837A7447C00}.Debug|Any CPU.Build.0 = Debug|Any CPU
		{C2F0016D-E39F-4469-B9F9-B837A7447C00}.Release|Any CPU.ActiveCfg = Release|Any CPU
		{C2F0016D-E39F-4469-B9F9-B837A7447C00}.Release|Any CPU.Build.0 = Release|Any CPU
	EndGlobalSection
	GlobalSection(SolutionProperties) = preSolution
		HideSolutionNode = FALSE
	EndGlobalSection
	GlobalSection(NestedProjects) = preSolution
		{E34A5343-F25F-4E80-8726-2EE31E30620D} = {006D6CA3-D824-44A8-94DD-ADFD97728337}
		{A5140133-8AC3-4D0B-928A-C506B8BBC389} = {006D6CA3-D824-44A8-94DD-ADFD97728337}
		{20E0AB48-92F3-4BBF-814F-D00C3425F064} = {006D6CA3-D824-44A8-94DD-ADFD97728337}
		{065A0851-8DFA-4553-AC72-B191DFE8D907} = {006D6CA3-D824-44A8-94DD-ADFD97728337}
		{F785EE1C-5E6E-415B-891A-12855FD19AC8} = {006D6CA3-D824-44A8-94DD-ADFD97728337}
		{A1857953-EADE-49AD-8CE6-B0E1F0C97706} = {F785EE1C-5E6E-415B-891A-12855FD19AC8}
		{24EDBC05-B579-46D7-B17B-EC79D5FAA029} = {F785EE1C-5E6E-415B-891A-12855FD19AC8}
		{61FECD41-8CB1-4427-BA58-72FCD79D8A58} = {F785EE1C-5E6E-415B-891A-12855FD19AC8}
		{66F2C5E1-57C7-401F-B2E9-B31BEFB39794} = {F785EE1C-5E6E-415B-891A-12855FD19AC8}
		{C2F0016D-E39F-4469-B9F9-B837A7447C00} = {F785EE1C-5E6E-415B-891A-12855FD19AC8}
	EndGlobalSection
	GlobalSection(ExtensibilityGlobals) = postSolution
		SolutionGuid = {3EF8E165-A39F-47CF-BE62-D18A2446E14A}
	EndGlobalSection
EndGlobal
